
Microsoft Visual Studio Solution File, Format Version 12.00
# Visual Studio 15
VisualStudioVersion = 15.0.28307.106
MinimumVisualStudioVersion = 10.0.40219.1
Project("{FAE04EC0-301F-11D3-BF4B-00C04F79EFBC}") = "NorthwestLabs", "NorthwestLabs\NorthwestLabs.csproj", "{52F37BCA-B687-483A-8EB9-F0B7C454BDBD}"
EndProject
Global
	GlobalSection(SolutionConfigurationPlatforms) = preSolution
		Debug|Any CPU = Debug|Any CPU
		Release|Any CPU = Release|Any CPU
	EndGlobalSection
	GlobalSection(ProjectConfigurationPlatforms) = postSolution
		{52F37BCA-B687-483A-8EB9-F0B7C454BDBD}.Debug|Any CPU.ActiveCfg = Debug|Any CPU
		{52F37BCA-B687-483A-8EB9-F0B7C454BDBD}.Debug|Any CPU.Build.0 = Debug|Any CPU
		{52F37BCA-B687-483A-8EB9-F0B7C454BDBD}.Release|Any CPU.ActiveCfg = Release|Any CPU
		{52F37BCA-B687-483A-8EB9-F0B7C454BDBD}.Release|Any CPU.Build.0 = Release|Any CPU
	EndGlobalSection
	GlobalSection(SolutionProperties) = preSolution
		HideSolutionNode = FALSE
	EndGlobalSection
	GlobalSection(ExtensibilityGlobals) = postSolution
		SolutionGuid = {179957DB-0B47-4C19-B517-5EE58E9E5840}
	EndGlobalSection
EndGlobal
